
Microsoft Visual Studio Solution File, Format Version 12.00
# Visual Studio 15
VisualStudioVersion = 15.0.27703.2042
MinimumVisualStudioVersion = 10.0.40219.1
Project("{FAE04EC0-301F-11D3-BF4B-00C04F79EFBC}") = "LiveSplit.DarkSouls", "LiveSplit.DarkSouls\LiveSplit.DarkSouls.csproj", "{4B6EC3BB-5C5D-4682-8714-8A6B7C455E52}"
EndProject
Global
	GlobalSection(SolutionConfigurationPlatforms) = preSolution
		Debug|Any CPU = Debug|Any CPU
		Debug|x86 = Debug|x86
		Release|Any CPU = Release|Any CPU
		Release|x86 = Release|x86
	EndGlobalSection
	GlobalSection(ProjectConfigurationPlatforms) = postSolution
		{4B6EC3BB-5C5D-4682-8714-8A6B7C455E52}.Debug|Any CPU.ActiveCfg = Debug|Any CPU
		{4B6EC3BB-5C5D-4682-8714-8A6B7C455E52}.Debug|Any CPU.Build.0 = Debug|Any CPU
		{4B6EC3BB-5C5D-4682-8714-8A6B7C455E52}.Debug|x86.ActiveCfg = Debug|Any CPU
		{4B6EC3BB-5C5D-4682-8714-8A6B7C455E52}.Debug|x86.Build.0 = Debug|Any CPU
		{4B6EC3BB-5C5D-4682-8714-8A6B7C455E52}.Release|Any CPU.ActiveCfg = Release|Any CPU
		{4B6EC3BB-5C5D-4682-8714-8A6B7C455E52}.Release|Any CPU.Build.0 = Release|Any CPU
		{4B6EC3BB-5C5D-4682-8714-8A6B7C455E52}.Release|x86.ActiveCfg = Release|Any CPU
		{4B6EC3BB-5C5D-4682-8714-8A6B7C455E52}.Release|x86.Build.0 = Release|Any CPU
	EndGlobalSection
	GlobalSection(SolutionProperties) = preSolution
		HideSolutionNode = FALSE
	EndGlobalSection
	GlobalSection(ExtensibilityGlobals) = postSolution
		SolutionGuid = {4930EC22-2650-4996-9E55-DAD96940E7EE}
	EndGlobalSection
EndGlobal
