
Microsoft Visual Studio Solution File, Format Version 12.00
# Visual Studio 15
VisualStudioVersion = 15.0.27703.2042
MinimumVisualStudioVersion = 10.0.40219.1
Project("{FAE04EC0-301F-11D3-BF4B-00C04F79EFBC}") = "LiveSplit.DarkSouls", "LiveSplit.DarkSouls\LiveSplit.DarkSouls.csproj", "{4B6EC3BB-5C5D-4682-8714-8A6B7C455E52}"
EndProject
Project("{FAE04EC0-301F-11D3-BF4B-00C04F79EFBC}") = "LiveSplit.DarkSoulsIGT", "..\DarkSoulsIGT\LiveSplit.DarkSoulsIGT\LiveSplit.DarkSoulsIGT.csproj", "{439D6CD1-72FA-4CE5-AB37-6F55611B748F}"
EndProject
Project("{FAE04EC0-301F-11D3-BF4B-00C04F79EFBC}") = "LiveSplit.DarkSouls100Tracker", "..\DarkSoulsTracker\Livesplit.DarkSoulsTracker\LiveSplit.DarkSouls100Tracker.csproj", "{B709C220-558D-4040-986F-9C383B06CFB5}"
EndProject
Project("{FAE04EC0-301F-11D3-BF4B-00C04F79EFBC}") = "DarkSoulsMemory", "..\DarkSoulsTracker\CapitaineToinon.DarkSoulsMemory\DarkSoulsMemory.csproj", "{5DB2B8D5-6B2F-4615-950E-45596F8ADF61}"
EndProject
Project("{FAE04EC0-301F-11D3-BF4B-00C04F79EFBC}") = "DS Gadget", "..\DSGadget\DS Gadget\DS Gadget.csproj", "{F631457A-069E-4BC0-A080-ADF54735FCE3}"
EndProject
Global
	GlobalSection(SolutionConfigurationPlatforms) = preSolution
		Debug|Any CPU = Debug|Any CPU
		Debug|x86 = Debug|x86
		Release|Any CPU = Release|Any CPU
		Release|x86 = Release|x86
	EndGlobalSection
	GlobalSection(ProjectConfigurationPlatforms) = postSolution
		{4B6EC3BB-5C5D-4682-8714-8A6B7C455E52}.Debug|Any CPU.ActiveCfg = Debug|Any CPU
		{4B6EC3BB-5C5D-4682-8714-8A6B7C455E52}.Debug|Any CPU.Build.0 = Debug|Any CPU
		{4B6EC3BB-5C5D-4682-8714-8A6B7C455E52}.Debug|x86.ActiveCfg = Debug|Any CPU
		{4B6EC3BB-5C5D-4682-8714-8A6B7C455E52}.Debug|x86.Build.0 = Debug|Any CPU
		{4B6EC3BB-5C5D-4682-8714-8A6B7C455E52}.Release|Any CPU.ActiveCfg = Release|Any CPU
		{4B6EC3BB-5C5D-4682-8714-8A6B7C455E52}.Release|Any CPU.Build.0 = Release|Any CPU
		{4B6EC3BB-5C5D-4682-8714-8A6B7C455E52}.Release|x86.ActiveCfg = Release|Any CPU
		{4B6EC3BB-5C5D-4682-8714-8A6B7C455E52}.Release|x86.Build.0 = Release|Any CPU
		{439D6CD1-72FA-4CE5-AB37-6F55611B748F}.Debug|Any CPU.ActiveCfg = Debug|Any CPU
		{439D6CD1-72FA-4CE5-AB37-6F55611B748F}.Debug|x86.ActiveCfg = Debug|Any CPU
		{439D6CD1-72FA-4CE5-AB37-6F55611B748F}.Debug|x86.Build.0 = Debug|Any CPU
		{439D6CD1-72FA-4CE5-AB37-6F55611B748F}.Release|Any CPU.ActiveCfg = Release|Any CPU
		{439D6CD1-72FA-4CE5-AB37-6F55611B748F}.Release|Any CPU.Build.0 = Release|Any CPU
		{439D6CD1-72FA-4CE5-AB37-6F55611B748F}.Release|x86.ActiveCfg = Release|Any CPU
		{439D6CD1-72FA-4CE5-AB37-6F55611B748F}.Release|x86.Build.0 = Release|Any CPU
		{B709C220-558D-4040-986F-9C383B06CFB5}.Debug|Any CPU.ActiveCfg = Debug|Any CPU
		{B709C220-558D-4040-986F-9C383B06CFB5}.Debug|x86.ActiveCfg = Debug|Any CPU
		{B709C220-558D-4040-986F-9C383B06CFB5}.Debug|x86.Build.0 = Debug|Any CPU
		{B709C220-558D-4040-986F-9C383B06CFB5}.Release|Any CPU.ActiveCfg = Release|Any CPU
		{B709C220-558D-4040-986F-9C383B06CFB5}.Release|Any CPU.Build.0 = Release|Any CPU
		{B709C220-558D-4040-986F-9C383B06CFB5}.Release|x86.ActiveCfg = Release|Any CPU
		{B709C220-558D-4040-986F-9C383B06CFB5}.Release|x86.Build.0 = Release|Any CPU
		{5DB2B8D5-6B2F-4615-950E-45596F8ADF61}.Debug|Any CPU.ActiveCfg = Debug|Any CPU
		{5DB2B8D5-6B2F-4615-950E-45596F8ADF61}.Debug|x86.ActiveCfg = Debug|Any CPU
		{5DB2B8D5-6B2F-4615-950E-45596F8ADF61}.Debug|x86.Build.0 = Debug|Any CPU
		{5DB2B8D5-6B2F-4615-950E-45596F8ADF61}.Release|Any CPU.ActiveCfg = Release|Any CPU
		{5DB2B8D5-6B2F-4615-950E-45596F8ADF61}.Release|Any CPU.Build.0 = Release|Any CPU
		{5DB2B8D5-6B2F-4615-950E-45596F8ADF61}.Release|x86.ActiveCfg = Release|Any CPU
		{5DB2B8D5-6B2F-4615-950E-45596F8ADF61}.Release|x86.Build.0 = Release|Any CPU
		{F631457A-069E-4BC0-A080-ADF54735FCE3}.Debug|Any CPU.ActiveCfg = Debug|x86
		{F631457A-069E-4BC0-A080-ADF54735FCE3}.Debug|x86.ActiveCfg = Debug|x86
		{F631457A-069E-4BC0-A080-ADF54735FCE3}.Debug|x86.Build.0 = Debug|x86
		{F631457A-069E-4BC0-A080-ADF54735FCE3}.Release|Any CPU.ActiveCfg = Release|x86
		{F631457A-069E-4BC0-A080-ADF54735FCE3}.Release|x86.ActiveCfg = Release|x86
		{F631457A-069E-4BC0-A080-ADF54735FCE3}.Release|x86.Build.0 = Release|x86
	EndGlobalSection
	GlobalSection(SolutionProperties) = preSolution
		HideSolutionNode = FALSE
	EndGlobalSection
	GlobalSection(ExtensibilityGlobals) = postSolution
		SolutionGuid = {4930EC22-2650-4996-9E55-DAD96940E7EE}
	EndGlobalSection
EndGlobal
